
Microsoft Visual Studio Solution File, Format Version 12.00
# Visual Studio Version 17
VisualStudioVersion = 17.5.33424.131
MinimumVisualStudioVersion = 10.0.40219.1
Project("{FAE04EC0-301F-11D3-BF4B-00C04F79EFBC}") = "ChessRules", "ChessRules.csproj", "{18E7566A-69A6-46F4-8CC0-0CEF40954A40}"
EndProject
Global
	GlobalSection(SolutionConfigurationPlatforms) = preSolution
		Debug|Any CPU = Debug|Any CPU
		Release|Any CPU = Release|Any CPU
	EndGlobalSection
	GlobalSection(ProjectConfigurationPlatforms) = postSolution
		{18E7566A-69A6-46F4-8CC0-0CEF40954A40}.Debug|Any CPU.ActiveCfg = Debug|Any CPU
		{18E7566A-69A6-46F4-8CC0-0CEF40954A40}.Debug|Any CPU.Build.0 = Debug|Any CPU
		{18E7566A-69A6-46F4-8CC0-0CEF40954A40}.Release|Any CPU.ActiveCfg = Release|Any CPU
		{18E7566A-69A6-46F4-8CC0-0CEF40954A40}.Release|Any CPU.Build.0 = Release|Any CPU
	EndGlobalSection
	GlobalSection(SolutionProperties) = preSolution
		HideSolutionNode = FALSE
	EndGlobalSection
	GlobalSection(ExtensibilityGlobals) = postSolution
		SolutionGuid = {3765A64E-68A6-403B-968D-BD972650BCF5}
	EndGlobalSection
EndGlobal
